
Microsoft Visual Studio Solution File, Format Version 12.00
# Visual Studio Version 17
VisualStudioVersion = 17.5.33516.290
MinimumVisualStudioVersion = 10.0.40219.1
Project("{FAE04EC0-301F-11D3-BF4B-00C04F79EFBC}") = "NetsIsWPFv2", "NetsIsWPFv2\NetsIsWPFv2.csproj", "{317998AA-9ADA-4184-A94E-F1BF26011446}"
EndProject
Global
	GlobalSection(SolutionConfigurationPlatforms) = preSolution
		Debug|Any CPU = Debug|Any CPU
		Release|Any CPU = Release|Any CPU
	EndGlobalSection
	GlobalSection(ProjectConfigurationPlatforms) = postSolution
		{317998AA-9ADA-4184-A94E-F1BF26011446}.Debug|Any CPU.ActiveCfg = Debug|Any CPU
		{317998AA-9ADA-4184-A94E-F1BF26011446}.Debug|Any CPU.Build.0 = Debug|Any CPU
		{317998AA-9ADA-4184-A94E-F1BF26011446}.Release|Any CPU.ActiveCfg = Release|Any CPU
		{317998AA-9ADA-4184-A94E-F1BF26011446}.Release|Any CPU.Build.0 = Release|Any CPU
	EndGlobalSection
	GlobalSection(SolutionProperties) = preSolution
		HideSolutionNode = FALSE
	EndGlobalSection
	GlobalSection(ExtensibilityGlobals) = postSolution
		SolutionGuid = {54EDC607-D9C9-4263-9B9B-B0579BC0A5A8}
	EndGlobalSection
EndGlobal
